// !$*UTF8*$!
{
	archiveVersion = 1;
	classes = {
	};
	objectVersion = 50;
	objects = {

/* Begin PBXBuildFile section */
		40361E5725A8E0F700353BF9 /* AppDelegate.swift in Sources */ = {isa = PBXBuildFile; fileRef = 40361E5625A8E0F700353BF9 /* AppDelegate.swift */; };
		40361E5925A8E0F700353BF9 /* SceneDelegate.swift in Sources */ = {isa = PBXBuildFile; fileRef = 40361E5825A8E0F700353BF9 /* SceneDelegate.swift */; };
		40361E5B25A8E0F700353BF9 /* CompaniesViewController.swift in Sources */ = {isa = PBXBuildFile; fileRef = 40361E5A25A8E0F700353BF9 /* CompaniesViewController.swift */; };
		40361E6025A8E0F800353BF9 /* Assets.xcassets in Resources */ = {isa = PBXBuildFile; fileRef = 40361E5F25A8E0F800353BF9 /* Assets.xcassets */; };
		40361E6325A8E0F800353BF9 /* LaunchScreen.storyboard in Resources */ = {isa = PBXBuildFile; fileRef = 40361E6125A8E0F800353BF9 /* LaunchScreen.storyboard */; };
		40361E7025A8F30B00353BF9 /* LightContentNavigationController.swift in Sources */ = {isa = PBXBuildFile; fileRef = 40361E6F25A8F30A00353BF9 /* LightContentNavigationController.swift */; };
		403ACDC225AB0F6600B2EE3C /* CreateCompanyController.swift in Sources */ = {isa = PBXBuildFile; fileRef = 403ACDC125AB0F6600B2EE3C /* CreateCompanyController.swift */; };
		4069601625AB053B00BCD77A /* UIColor+Theme.swift in Sources */ = {isa = PBXBuildFile; fileRef = 4069601525AB053B00BCD77A /* UIColor+Theme.swift */; };
		4069601925AB0A2500BCD77A /* Company.swift in Sources */ = {isa = PBXBuildFile; fileRef = 4069601825AB0A2500BCD77A /* Company.swift */; };
/* End PBXBuildFile section */

/* Begin PBXFileReference section */
		40361E5325A8E0F700353BF9 /* CoreDataTraining.app */ = {isa = PBXFileReference; explicitFileType = wrapper.application; includeInIndex = 0; path = CoreDataTraining.app; sourceTree = BUILT_PRODUCTS_DIR; };
		40361E5625A8E0F700353BF9 /* AppDelegate.swift */ = {isa = PBXFileReference; lastKnownFileType = sourcecode.swift; path = AppDelegate.swift; sourceTree = "<group>"; };
		40361E5825A8E0F700353BF9 /* SceneDelegate.swift */ = {isa = PBXFileReference; lastKnownFileType = sourcecode.swift; path = SceneDelegate.swift; sourceTree = "<group>"; };
		40361E5A25A8E0F700353BF9 /* CompaniesViewController.swift */ = {isa = PBXFileReference; lastKnownFileType = sourcecode.swift; path = CompaniesViewController.swift; sourceTree = "<group>"; };
		40361E5F25A8E0F800353BF9 /* Assets.xcassets */ = {isa = PBXFileReference; lastKnownFileType = folder.assetcatalog; path = Assets.xcassets; sourceTree = "<group>"; };
		40361E6225A8E0F800353BF9 /* Base */ = {isa = PBXFileReference; lastKnownFileType = file.storyboard; name = Base; path = Base.lproj/LaunchScreen.storyboard; sourceTree = "<group>"; };
		40361E6425A8E0F800353BF9 /* Info.plist */ = {isa = PBXFileReference; lastKnownFileType = text.plist.xml; path = Info.plist; sourceTree = "<group>"; };
		40361E6F25A8F30A00353BF9 /* LightContentNavigationController.swift */ = {isa = PBXFileReference; lastKnownFileType = sourcecode.swift; path = LightContentNavigationController.swift; sourceTree = "<group>"; };
		403ACDC125AB0F6600B2EE3C /* CreateCompanyController.swift */ = {isa = PBXFileReference; lastKnownFileType = sourcecode.swift; path = CreateCompanyController.swift; sourceTree = "<group>"; };
		4069601525AB053B00BCD77A /* UIColor+Theme.swift */ = {isa = PBXFileReference; lastKnownFileType = sourcecode.swift; path = "UIColor+Theme.swift"; sourceTree = "<group>"; };
		4069601825AB0A2500BCD77A /* Company.swift */ = {isa = PBXFileReference; lastKnownFileType = sourcecode.swift; path = Company.swift; sourceTree = "<group>"; };
/* End PBXFileReference section */

/* Begin PBXFrameworksBuildPhase section */
		40361E5025A8E0F700353BF9 /* Frameworks */ = {
			isa = PBXFrameworksBuildPhase;
			buildActionMask = 2147483647;
			files = (
			);
			runOnlyForDeploymentPostprocessing = 0;
		};
/* End PBXFrameworksBuildPhase section */

/* Begin PBXGroup section */
		40361E4A25A8E0F700353BF9 = {
			isa = PBXGroup;
			children = (
				40361E5525A8E0F700353BF9 /* CoreDataTraining */,
				40361E5425A8E0F700353BF9 /* Products */,
			);
			sourceTree = "<group>";
		};
		40361E5425A8E0F700353BF9 /* Products */ = {
			isa = PBXGroup;
			children = (
				40361E5325A8E0F700353BF9 /* CoreDataTraining.app */,
			);
			name = Products;
			sourceTree = "<group>";
		};
		40361E5525A8E0F700353BF9 /* CoreDataTraining */ = {
			isa = PBXGroup;
			children = (
				40361E5A25A8E0F700353BF9 /* CompaniesViewController.swift */,
				403ACDC125AB0F6600B2EE3C /* CreateCompanyController.swift */,
				4069601D25AB0A2B00BCD77A /* Model */,
				4069601525AB053B00BCD77A /* UIColor+Theme.swift */,
				40361E6B25A8E10F00353BF9 /* Supporting Files */,
				40361E6425A8E0F800353BF9 /* Info.plist */,
			);
			path = CoreDataTraining;
			sourceTree = "<group>";
		};
		40361E6B25A8E10F00353BF9 /* Supporting Files */ = {
			isa = PBXGroup;
			children = (
				40361E5625A8E0F700353BF9 /* AppDelegate.swift */,
				40361E5825A8E0F700353BF9 /* SceneDelegate.swift */,
				40361E6F25A8F30A00353BF9 /* LightContentNavigationController.swift */,
				40361E5F25A8E0F800353BF9 /* Assets.xcassets */,
				40361E6125A8E0F800353BF9 /* LaunchScreen.storyboard */,
			);
			path = "Supporting Files";
			sourceTree = "<group>";
		};
		4069601D25AB0A2B00BCD77A /* Model */ = {
			isa = PBXGroup;
			children = (
				4069601825AB0A2500BCD77A /* Company.swift */,
			);
			path = Model;
			sourceTree = "<group>";
		};
/* End PBXGroup section */

/* Begin PBXNativeTarget section */
		40361E5225A8E0F700353BF9 /* CoreDataTraining */ = {
			isa = PBXNativeTarget;
			buildConfigurationList = 40361E6725A8E0F800353BF9 /* Build configuration list for PBXNativeTarget "CoreDataTraining" */;
			buildPhases = (
				40361E4F25A8E0F700353BF9 /* Sources */,
				40361E5025A8E0F700353BF9 /* Frameworks */,
				40361E5125A8E0F700353BF9 /* Resources */,
			);
			buildRules = (
			);
			dependencies = (
			);
			name = CoreDataTraining;
			productName = CoreDataTraining;
			productReference = 40361E5325A8E0F700353BF9 /* CoreDataTraining.app */;
			productType = "com.apple.product-type.application";
		};
/* End PBXNativeTarget section */

/* Begin PBXProject section */
		40361E4B25A8E0F700353BF9 /* Project object */ = {
			isa = PBXProject;
			attributes = {
				LastSwiftUpdateCheck = 1230;
				LastUpgradeCheck = 1230;
				TargetAttributes = {
					40361E5225A8E0F700353BF9 = {
						CreatedOnToolsVersion = 12.3;
					};
				};
			};
			buildConfigurationList = 40361E4E25A8E0F700353BF9 /* Build configuration list for PBXProject "CoreDataTraining" */;
			compatibilityVersion = "Xcode 9.3";
			developmentRegion = en;
			hasScannedForEncodings = 0;
			knownRegions = (
				en,
				Base,
			);
			mainGroup = 40361E4A25A8E0F700353BF9;
			productRefGroup = 40361E5425A8E0F700353BF9 /* Products */;
			projectDirPath = "";
			projectRoot = "";
			targets = (
				40361E5225A8E0F700353BF9 /* CoreDataTraining */,
			);
		};
/* End PBXProject section */

/* Begin PBXResourcesBuildPhase section */
		40361E5125A8E0F700353BF9 /* Resources */ = {
			isa = PBXResourcesBuildPhase;
			buildActionMask = 2147483647;
			files = (
				40361E6325A8E0F800353BF9 /* LaunchScreen.storyboard in Resources */,
				40361E6025A8E0F800353BF9 /* Assets.xcassets in Resources */,
			);
			runOnlyForDeploymentPostprocessing = 0;
		};
/* End PBXResourcesBuildPhase section */

/* Begin PBXSourcesBuildPhase section */
		40361E4F25A8E0F700353BF9 /* Sources */ = {
			isa = PBXSourcesBuildPhase;
			buildActionMask = 2147483647;
			files = (
				4069601625AB053B00BCD77A /* UIColor+Theme.swift in Sources */,
				40361E7025A8F30B00353BF9 /* LightContentNavigationController.swift in Sources */,
				40361E5B25A8E0F700353BF9 /* CompaniesViewController.swift in Sources */,
				403ACDC225AB0F6600B2EE3C /* CreateCompanyController.swift in Sources */,
				40361E5725A8E0F700353BF9 /* AppDelegate.swift in Sources */,
				40361E5925A8E0F700353BF9 /* SceneDelegate.swift in Sources */,
				4069601925AB0A2500BCD77A /* Company.swift in Sources */,
			);
			runOnlyForDeploymentPostprocessing = 0;
		};
/* End PBXSourcesBuildPhase section */

/* Begin PBXVariantGroup section */
		40361E6125A8E0F800353BF9 /* LaunchScreen.storyboard */ = {
			isa = PBXVariantGroup;
			children = (
				40361E6225A8E0F800353BF9 /* Base */,
			);
			name = LaunchScreen.storyboard;
			sourceTree = "<group>";
		};
/* End PBXVariantGroup section */

/* Begin XCBuildConfiguration section */
		40361E6525A8E0F800353BF9 /* Debug */ = {
			isa = XCBuildConfiguration;
			buildSettings = {
				ALWAYS_SEARCH_USER_PATHS = NO;
				CLANG_ANALYZER_NONNULL = YES;
				CLANG_ANALYZER_NUMBER_OBJECT_CONVERSION = YES_AGGRESSIVE;
				CLANG_CXX_LANGUAGE_STANDARD = "gnu++14";
				CLANG_CXX_LIBRARY = "libc++";
				CLANG_ENABLE_MODULES = YES;
				CLANG_ENABLE_OBJC_ARC = YES;
				CLANG_ENABLE_OBJC_WEAK = YES;
				CLANG_WARN_BLOCK_CAPTURE_AUTORELEASING = YES;
				CLANG_WARN_BOOL_CONVERSION = YES;
				CLANG_WARN_COMMA = YES;
				CLANG_WARN_CONSTANT_CONVERSION = YES;
				CLANG_WARN_DEPRECATED_OBJC_IMPLEMENTATIONS = YES;
				CLANG_WARN_DIRECT_OBJC_ISA_USAGE = YES_ERROR;
				CLANG_WARN_DOCUMENTATION_COMMENTS = YES;
				CLANG_WARN_EMPTY_BODY = YES;
				CLANG_WARN_ENUM_CONVERSION = YES;
				CLANG_WARN_INFINITE_RECURSION = YES;
				CLANG_WARN_INT_CONVERSION = YES;
				CLANG_WARN_NON_LITERAL_NULL_CONVERSION = YES;
				CLANG_WARN_OBJC_IMPLICIT_RETAIN_SELF = YES;
				CLANG_WARN_OBJC_LITERAL_CONVERSION = YES;
				CLANG_WARN_OBJC_ROOT_CLASS = YES_ERROR;
				CLANG_WARN_QUOTED_INCLUDE_IN_FRAMEWORK_HEADER = YES;
				CLANG_WARN_RANGE_LOOP_ANALYSIS = YES;
				CLANG_WARN_STRICT_PROTOTYPES = YES;
				CLANG_WARN_SUSPICIOUS_MOVE = YES;
				CLANG_WARN_UNGUARDED_AVAILABILITY = YES_AGGRESSIVE;
				CLANG_WARN_UNREACHABLE_CODE = YES;
				CLANG_WARN__DUPLICATE_METHOD_MATCH = YES;
				COPY_PHASE_STRIP = NO;
				DEBUG_INFORMATION_FORMAT = dwarf;
				ENABLE_STRICT_OBJC_MSGSEND = YES;
				ENABLE_TESTABILITY = YES;
				GCC_C_LANGUAGE_STANDARD = gnu11;
				GCC_DYNAMIC_NO_PIC = NO;
				GCC_NO_COMMON_BLOCKS = YES;
				GCC_OPTIMIZATION_LEVEL = 0;
				GCC_PREPROCESSOR_DEFINITIONS = (
					"DEBUG=1",
					"$(inherited)",
				);
				GCC_WARN_64_TO_32_BIT_CONVERSION = YES;
				GCC_WARN_ABOUT_RETURN_TYPE = YES_ERROR;
				GCC_WARN_UNDECLARED_SELECTOR = YES;
				GCC_WARN_UNINITIALIZED_AUTOS = YES_AGGRESSIVE;
				GCC_WARN_UNUSED_FUNCTION = YES;
				GCC_WARN_UNUSED_VARIABLE = YES;
				IPHONEOS_DEPLOYMENT_TARGET = 14.3;
				MTL_ENABLE_DEBUG_INFO = INCLUDE_SOURCE;
				MTL_FAST_MATH = YES;
				ONLY_ACTIVE_ARCH = YES;
				SDKROOT = iphoneos;
				SWIFT_ACTIVE_COMPILATION_CONDITIONS = DEBUG;
				SWIFT_OPTIMIZATION_LEVEL = "-Onone";
			};
			name = Debug;
		};
		40361E6625A8E0F800353BF9 /* Release */ = {
			isa = XCBuildConfiguration;
			buildSettings = {
				ALWAYS_SEARCH_USER_PATHS = NO;
				CLANG_ANALYZER_NONNULL = YES;
				CLANG_ANALYZER_NUMBER_OBJECT_CONVERSION = YES_AGGRESSIVE;
				CLANG_CXX_LANGUAGE_STANDARD = "gnu++14";
				CLANG_CXX_LIBRARY = "libc++";
				CLANG_ENABLE_MODULES = YES;
				CLANG_ENABLE_OBJC_ARC = YES;
				CLANG_ENABLE_OBJC_WEAK = YES;
				CLANG_WARN_BLOCK_CAPTURE_AUTORELEASING = YES;
				CLANG_WARN_BOOL_CONVERSION = YES;
				CLANG_WARN_COMMA = YES;
				CLANG_WARN_CONSTANT_CONVERSION = YES;
				CLANG_WARN_DEPRECATED_OBJC_IMPLEMENTATIONS = YES;
				CLANG_WARN_DIRECT_OBJC_ISA_USAGE = YES_ERROR;
				CLANG_WARN_DOCUMENTATION_COMMENTS = YES;
				CLANG_WARN_EMPTY_BODY = YES;
				CLANG_WARN_ENUM_CONVERSION = YES;
				CLANG_WARN_INFINITE_RECURSION = YES;
				CLANG_WARN_INT_CONVERSION = YES;
				CLANG_WARN_NON_LITERAL_NULL_CONVERSION = YES;
				CLANG_WARN_OBJC_IMPLICIT_RETAIN_SELF = YES;
				CLANG_WARN_OBJC_LITERAL_CONVERSION = YES;
				CLANG_WARN_OBJC_ROOT_CLASS = YES_ERROR;
				CLANG_WARN_QUOTED_INCLUDE_IN_FRAMEWORK_HEADER = YES;
				CLANG_WARN_RANGE_LOOP_ANALYSIS = YES;
				CLANG_WARN_STRICT_PROTOTYPES = YES;
				CLANG_WARN_SUSPICIOUS_MOVE = YES;
				CLANG_WARN_UNGUARDED_AVAILABILITY = YES_AGGRESSIVE;
				CLANG_WARN_UNREACHABLE_CODE = YES;
				CLANG_WARN__DUPLICATE_METHOD_MATCH = YES;
				COPY_PHASE_STRIP = NO;
				DEBUG_INFORMATION_FORMAT = "dwarf-with-dsym";
				ENABLE_NS_ASSERTIONS = NO;
				ENABLE_STRICT_OBJC_MSGSEND = YES;
				GCC_C_LANGUAGE_STANDARD = gnu11;
				GCC_NO_COMMON_BLOCKS = YES;
				GCC_WARN_64_TO_32_BIT_CONVERSION = YES;
				GCC_WARN_ABOUT_RETURN_TYPE = YES_ERROR;
				GCC_WARN_UNDECLARED_SELECTOR = YES;
				GCC_WARN_UNINITIALIZED_AUTOS = YES_AGGRESSIVE;
				GCC_WARN_UNUSED_FUNCTION = YES;
				GCC_WARN_UNUSED_VARIABLE = YES;
				IPHONEOS_DEPLOYMENT_TARGET = 14.3;
				MTL_ENABLE_DEBUG_INFO = NO;
				MTL_FAST_MATH = YES;
				SDKROOT = iphoneos;
				SWIFT_COMPILATION_MODE = wholemodule;
				SWIFT_OPTIMIZATION_LEVEL = "-O";
				VALIDATE_PRODUCT = YES;
			};
			name = Release;
		};
		40361E6825A8E0F800353BF9 /* Debug */ = {
			isa = XCBuildConfiguration;
			buildSettings = {
				ASSETCATALOG_COMPILER_APPICON_NAME = AppIcon;
				ASSETCATALOG_COMPILER_GLOBAL_ACCENT_COLOR_NAME = AccentColor;
				CODE_SIGN_STYLE = Automatic;
				DEVELOPMENT_TEAM = 3Y322LSDU5;
				INFOPLIST_FILE = CoreDataTraining/Info.plist;
				LD_RUNPATH_SEARCH_PATHS = (
					"$(inherited)",
					"@executable_path/Frameworks",
				);
				PRODUCT_BUNDLE_IDENTIFIER = com.zm1capps.CoreDataTraining;
				PRODUCT_NAME = "$(TARGET_NAME)";
				SWIFT_VERSION = 5.0;
				TARGETED_DEVICE_FAMILY = "1,2";
			};
			name = Debug;
		};
		40361E6925A8E0F800353BF9 /* Release */ = {
			isa = XCBuildConfiguration;
			buildSettings = {
				ASSETCATALOG_COMPILER_APPICON_NAME = AppIcon;
				ASSETCATALOG_COMPILER_GLOBAL_ACCENT_COLOR_NAME = AccentColor;
				CODE_SIGN_STYLE = Automatic;
				DEVELOPMENT_TEAM = 3Y322LSDU5;
				INFOPLIST_FILE = CoreDataTraining/Info.plist;
				LD_RUNPATH_SEARCH_PATHS = (
					"$(inherited)",
					"@executable_path/Frameworks",
				);
				PRODUCT_BUNDLE_IDENTIFIER = com.zm1capps.CoreDataTraining;
				PRODUCT_NAME = "$(TARGET_NAME)";
				SWIFT_VERSION = 5.0;
				TARGETED_DEVICE_FAMILY = "1,2";
			};
			name = Release;
		};
/* End XCBuildConfiguration section */

/* Begin XCConfigurationList section */
		40361E4E25A8E0F700353BF9 /* Build configuration list for PBXProject "CoreDataTraining" */ = {
			isa = XCConfigurationList;
			buildConfigurations = (
				40361E6525A8E0F800353BF9 /* Debug */,
				40361E6625A8E0F800353BF9 /* Release */,
			);
			defaultConfigurationIsVisible = 0;
			defaultConfigurationName = Release;
		};
		40361E6725A8E0F800353BF9 /* Build configuration list for PBXNativeTarget "CoreDataTraining" */ = {
			isa = XCConfigurationList;
			buildConfigurations = (
				40361E6825A8E0F800353BF9 /* Debug */,
				40361E6925A8E0F800353BF9 /* Release */,
			);
			defaultConfigurationIsVisible = 0;
			defaultConfigurationName = Release;
		};
/* End XCConfigurationList section */
	};
	rootObject = 40361E4B25A8E0F700353BF9 /* Project object */;
}
